
Microsoft Visual Studio Solution File, Format Version 12.00
# Visual Studio 15
VisualStudioVersion = 15.0.27130.2010
MinimumVisualStudioVersion = 10.0.40219.1
Project("{FAE04EC0-301F-11D3-BF4B-00C04F79EFBC}") = "SystemRestarter", "SystemRestarter\SystemRestarter.csproj", "{5CF4C69B-2ABB-4E94-8CDF-12C6A537E87B}"
EndProject
Global
	GlobalSection(SolutionConfigurationPlatforms) = preSolution
		Debug|Any CPU = Debug|Any CPU
		Release|Any CPU = Release|Any CPU
	EndGlobalSection
	GlobalSection(ProjectConfigurationPlatforms) = postSolution
		{5CF4C69B-2ABB-4E94-8CDF-12C6A537E87B}.Debug|Any CPU.ActiveCfg = Debug|Any CPU
		{5CF4C69B-2ABB-4E94-8CDF-12C6A537E87B}.Debug|Any CPU.Build.0 = Debug|Any CPU
		{5CF4C69B-2ABB-4E94-8CDF-12C6A537E87B}.Release|Any CPU.ActiveCfg = Release|Any CPU
		{5CF4C69B-2ABB-4E94-8CDF-12C6A537E87B}.Release|Any CPU.Build.0 = Release|Any CPU
	EndGlobalSection
	GlobalSection(SolutionProperties) = preSolution
		HideSolutionNode = FALSE
	EndGlobalSection
	GlobalSection(ExtensibilityGlobals) = postSolution
		SolutionGuid = {8DF30F9D-DA14-4AC4-9CCA-0F2E481D5236}
	EndGlobalSection
EndGlobal
